
Microsoft Visual Studio Solution File, Format Version 12.00
# Visual Studio Version 17
VisualStudioVersion = 17.13.35931.197 d17.13
MinimumVisualStudioVersion = 10.0.40219.1
Project("{FAE04EC0-301F-11D3-BF4B-00C04F79EFBC}") = "Penugasan 3", "Penugasan 3.csproj", "{E8471A71-2F73-4A5B-ADAA-73DD2B977340}"
EndProject
Global
	GlobalSection(SolutionConfigurationPlatforms) = preSolution
		Debug|Any CPU = Debug|Any CPU
		Release|Any CPU = Release|Any CPU
	EndGlobalSection
	GlobalSection(ProjectConfigurationPlatforms) = postSolution
		{E8471A71-2F73-4A5B-ADAA-73DD2B977340}.Debug|Any CPU.ActiveCfg = Debug|Any CPU
		{E8471A71-2F73-4A5B-ADAA-73DD2B977340}.Debug|Any CPU.Build.0 = Debug|Any CPU
		{E8471A71-2F73-4A5B-ADAA-73DD2B977340}.Release|Any CPU.ActiveCfg = Release|Any CPU
		{E8471A71-2F73-4A5B-ADAA-73DD2B977340}.Release|Any CPU.Build.0 = Release|Any CPU
	EndGlobalSection
	GlobalSection(SolutionProperties) = preSolution
		HideSolutionNode = FALSE
	EndGlobalSection
	GlobalSection(ExtensibilityGlobals) = postSolution
		SolutionGuid = {5BEFC926-C0CA-47C0-99B8-9BD5C85398A6}
	EndGlobalSection
EndGlobal
